
Microsoft Visual Studio Solution File, Format Version 12.00
# Visual Studio 2012
Project("{FAE04EC0-301F-11D3-BF4B-00C04F79EFBC}") = "WebSocketClientTest", "WebSocketClientTest\WebSocketClientTest.csproj", "{37CD2A45-7757-4EBC-88CD-C680A0E4C469}"
EndProject
Global
	GlobalSection(SolutionConfigurationPlatforms) = preSolution
		Debug|Any CPU = Debug|Any CPU
		Release|Any CPU = Release|Any CPU
	EndGlobalSection
	GlobalSection(ProjectConfigurationPlatforms) = postSolution
		{37CD2A45-7757-4EBC-88CD-C680A0E4C469}.Debug|Any CPU.ActiveCfg = Debug|Any CPU
		{37CD2A45-7757-4EBC-88CD-C680A0E4C469}.Debug|Any CPU.Build.0 = Debug|Any CPU
		{37CD2A45-7757-4EBC-88CD-C680A0E4C469}.Release|Any CPU.ActiveCfg = Release|Any CPU
		{37CD2A45-7757-4EBC-88CD-C680A0E4C469}.Release|Any CPU.Build.0 = Release|Any CPU
	EndGlobalSection
	GlobalSection(SolutionProperties) = preSolution
		HideSolutionNode = FALSE
	EndGlobalSection
EndGlobal
